
Microsoft Visual Studio Solution File, Format Version 12.00
# Visual Studio Version 17
VisualStudioVersion = 17.2.32616.157
MinimumVisualStudioVersion = 10.0.40219.1
Project("{FAE04EC0-301F-11D3-BF4B-00C04F79EFBC}") = "decimal to hexadecimal", "decimal to hexadecimal\decimal to hexadecimal.csproj", "{006695F5-8841-4812-BA66-6A274AFF7E27}"
EndProject
Global
	GlobalSection(SolutionConfigurationPlatforms) = preSolution
		Debug|Any CPU = Debug|Any CPU
		Release|Any CPU = Release|Any CPU
	EndGlobalSection
	GlobalSection(ProjectConfigurationPlatforms) = postSolution
		{006695F5-8841-4812-BA66-6A274AFF7E27}.Debug|Any CPU.ActiveCfg = Debug|Any CPU
		{006695F5-8841-4812-BA66-6A274AFF7E27}.Debug|Any CPU.Build.0 = Debug|Any CPU
		{006695F5-8841-4812-BA66-6A274AFF7E27}.Release|Any CPU.ActiveCfg = Release|Any CPU
		{006695F5-8841-4812-BA66-6A274AFF7E27}.Release|Any CPU.Build.0 = Release|Any CPU
	EndGlobalSection
	GlobalSection(SolutionProperties) = preSolution
		HideSolutionNode = FALSE
	EndGlobalSection
	GlobalSection(ExtensibilityGlobals) = postSolution
		SolutionGuid = {93ED11F6-C721-4576-8EEC-56BD38CEBC81}
	EndGlobalSection
EndGlobal
