
Microsoft Visual Studio Solution File, Format Version 12.00
# Visual Studio Version 17
VisualStudioVersion = 17.2.32616.157
MinimumVisualStudioVersion = 10.0.40219.1
Project("{FAE04EC0-301F-11D3-BF4B-00C04F79EFBC}") = "PictureViewer", "PictureViewer\PictureViewer.csproj", "{7ECE9E4D-E813-4F45-9BFB-08BDD79BD0DA}"
EndProject
Global
	GlobalSection(SolutionConfigurationPlatforms) = preSolution
		Debug|Any CPU = Debug|Any CPU
		Release|Any CPU = Release|Any CPU
	EndGlobalSection
	GlobalSection(ProjectConfigurationPlatforms) = postSolution
		{7ECE9E4D-E813-4F45-9BFB-08BDD79BD0DA}.Debug|Any CPU.ActiveCfg = Debug|Any CPU
		{7ECE9E4D-E813-4F45-9BFB-08BDD79BD0DA}.Debug|Any CPU.Build.0 = Debug|Any CPU
		{7ECE9E4D-E813-4F45-9BFB-08BDD79BD0DA}.Release|Any CPU.ActiveCfg = Release|Any CPU
		{7ECE9E4D-E813-4F45-9BFB-08BDD79BD0DA}.Release|Any CPU.Build.0 = Release|Any CPU
	EndGlobalSection
	GlobalSection(SolutionProperties) = preSolution
		HideSolutionNode = FALSE
	EndGlobalSection
	GlobalSection(ExtensibilityGlobals) = postSolution
		SolutionGuid = {475D0FD7-3CD4-4423-866E-523D069A3341}
	EndGlobalSection
EndGlobal
