
Microsoft Visual Studio Solution File, Format Version 12.00
# Visual Studio Version 17
VisualStudioVersion = 17.2.32616.157
MinimumVisualStudioVersion = 10.0.40219.1
Project("{FAE04EC0-301F-11D3-BF4B-00C04F79EFBC}") = "Roman To Decimal", "Roman To Decimal\Roman To Decimal.csproj", "{5AFE8936-3E1D-480D-B503-009D7E59F4B2}"
EndProject
Global
	GlobalSection(SolutionConfigurationPlatforms) = preSolution
		Debug|Any CPU = Debug|Any CPU
		Release|Any CPU = Release|Any CPU
	EndGlobalSection
	GlobalSection(ProjectConfigurationPlatforms) = postSolution
		{5AFE8936-3E1D-480D-B503-009D7E59F4B2}.Debug|Any CPU.ActiveCfg = Debug|Any CPU
		{5AFE8936-3E1D-480D-B503-009D7E59F4B2}.Debug|Any CPU.Build.0 = Debug|Any CPU
		{5AFE8936-3E1D-480D-B503-009D7E59F4B2}.Release|Any CPU.ActiveCfg = Release|Any CPU
		{5AFE8936-3E1D-480D-B503-009D7E59F4B2}.Release|Any CPU.Build.0 = Release|Any CPU
	EndGlobalSection
	GlobalSection(SolutionProperties) = preSolution
		HideSolutionNode = FALSE
	EndGlobalSection
	GlobalSection(ExtensibilityGlobals) = postSolution
		SolutionGuid = {1661CBFF-01D7-40D6-9780-F6B556FD9792}
	EndGlobalSection
EndGlobal
